
Microsoft Visual Studio Solution File, Format Version 12.00
# Visual Studio Version 16
VisualStudioVersion = 16.0.29424.173
MinimumVisualStudioVersion = 10.0.40219.1
Project("{FAE04EC0-301F-11D3-BF4B-00C04F79EFBC}") = "ConcatConsoleApp", "ConcatConsoleApp\ConcatConsoleApp.csproj", "{9089C655-FBD1-4076-B839-ECFEF8311D46}"
EndProject
Project("{FAE04EC0-301F-11D3-BF4B-00C04F79EFBC}") = "ConcatConsoleApp_Core", "ConcatConsoleApp_Core\ConcatConsoleApp_Core.csproj", "{00EC89B7-0BB5-414C-ADF7-B165964EEF69}"
EndProject
Global
	GlobalSection(SolutionConfigurationPlatforms) = preSolution
		Debug|Any CPU = Debug|Any CPU
		Release|Any CPU = Release|Any CPU
	EndGlobalSection
	GlobalSection(ProjectConfigurationPlatforms) = postSolution
		{9089C655-FBD1-4076-B839-ECFEF8311D46}.Debug|Any CPU.ActiveCfg = Debug|Any CPU
		{9089C655-FBD1-4076-B839-ECFEF8311D46}.Debug|Any CPU.Build.0 = Debug|Any CPU
		{9089C655-FBD1-4076-B839-ECFEF8311D46}.Release|Any CPU.ActiveCfg = Release|Any CPU
		{9089C655-FBD1-4076-B839-ECFEF8311D46}.Release|Any CPU.Build.0 = Release|Any CPU
		{00EC89B7-0BB5-414C-ADF7-B165964EEF69}.Debug|Any CPU.ActiveCfg = Debug|Any CPU
		{00EC89B7-0BB5-414C-ADF7-B165964EEF69}.Debug|Any CPU.Build.0 = Debug|Any CPU
		{00EC89B7-0BB5-414C-ADF7-B165964EEF69}.Release|Any CPU.ActiveCfg = Release|Any CPU
		{00EC89B7-0BB5-414C-ADF7-B165964EEF69}.Release|Any CPU.Build.0 = Release|Any CPU
	EndGlobalSection
	GlobalSection(SolutionProperties) = preSolution
		HideSolutionNode = FALSE
	EndGlobalSection
	GlobalSection(ExtensibilityGlobals) = postSolution
		SolutionGuid = {8806C4D8-A117-4A5C-96B3-F7D0C3C6500C}
	EndGlobalSection
EndGlobal
